// !$*UTF8*$!
{
	archiveVersion = 1;
	classes = {
	};
	objectVersion = 52;
	objects = {

/* Begin PBXBuildFile section */
		2879782A270A6979008CF475 /* Kingfisher in Frameworks */ = {isa = PBXBuildFile; productRef = 28797829270A6979008CF475 /* Kingfisher */; };
		2879782C270A6F3F008CF475 /* GameView.swift in Sources */ = {isa = PBXBuildFile; fileRef = 2879782B270A6F3F008CF475 /* GameView.swift */; };
		287DC33A26D49CBD0025CDFD /* RokGamerProApp.swift in Sources */ = {isa = PBXBuildFile; fileRef = 287DC33926D49CBD0025CDFD /* RokGamerProApp.swift */; };
		287DC33C26D49CBD0025CDFD /* ContentView.swift in Sources */ = {isa = PBXBuildFile; fileRef = 287DC33B26D49CBD0025CDFD /* ContentView.swift */; };
		287DC33E26D49CBE0025CDFD /* Assets.xcassets in Resources */ = {isa = PBXBuildFile; fileRef = 287DC33D26D49CBE0025CDFD /* Assets.xcassets */; };
		287DC34126D49CBE0025CDFD /* Preview Assets.xcassets in Resources */ = {isa = PBXBuildFile; fileRef = 287DC34026D49CBE0025CDFD /* Preview Assets.xcassets */; };
		288059FD2709478E00715351 /* GamesView.swift in Sources */ = {isa = PBXBuildFile; fileRef = 288059FC2709478E00715351 /* GamesView.swift */; };
		28805A01270948EA00715351 /* Model.swift in Sources */ = {isa = PBXBuildFile; fileRef = 28805A00270948EA00715351 /* Model.swift */; };
		28805A042709490C00715351 /* ViewModel.swift in Sources */ = {isa = PBXBuildFile; fileRef = 28805A032709490C00715351 /* ViewModel.swift */; };
		28B13F0B26EEAE3A0000BA58 /* Home.swift in Sources */ = {isa = PBXBuildFile; fileRef = 28B13F0A26EEAE3A0000BA58 /* Home.swift */; };
		28D206E3270D44D200C65696 /* SearchGame.swift in Sources */ = {isa = PBXBuildFile; fileRef = 28D206E2270D44D200C65696 /* SearchGame.swift */; };
		28D206E5270D52B700C65696 /* FavoritesView.swift in Sources */ = {isa = PBXBuildFile; fileRef = 28D206E4270D52B700C65696 /* FavoritesView.swift */; };
		28D206E9270D562400C65696 /* SaveData.swift in Sources */ = {isa = PBXBuildFile; fileRef = 28D206E8270D562400C65696 /* SaveData.swift */; };
		28D206EB270D569200C65696 /* ProfileView.swift in Sources */ = {isa = PBXBuildFile; fileRef = 28D206EA270D569200C65696 /* ProfileView.swift */; };
		28D206ED270D56FA00C65696 /* EditProfileView.swift in Sources */ = {isa = PBXBuildFile; fileRef = 28D206EC270D56FA00C65696 /* EditProfileView.swift */; };
		28D206EF270D5B5300C65696 /* SUImagePickerView.swift in Sources */ = {isa = PBXBuildFile; fileRef = 28D206EE270D5B5300C65696 /* SUImagePickerView.swift */; };
/* End PBXBuildFile section */

/* Begin PBXFileReference section */
		2879782B270A6F3F008CF475 /* GameView.swift */ = {isa = PBXFileReference; lastKnownFileType = sourcecode.swift; path = GameView.swift; sourceTree = "<group>"; };
		287DC33626D49CBD0025CDFD /* RokGamerPro.app */ = {isa = PBXFileReference; explicitFileType = wrapper.application; includeInIndex = 0; path = RokGamerPro.app; sourceTree = BUILT_PRODUCTS_DIR; };
		287DC33926D49CBD0025CDFD /* RokGamerProApp.swift */ = {isa = PBXFileReference; lastKnownFileType = sourcecode.swift; path = RokGamerProApp.swift; sourceTree = "<group>"; };
		287DC33B26D49CBD0025CDFD /* ContentView.swift */ = {isa = PBXFileReference; lastKnownFileType = sourcecode.swift; path = ContentView.swift; sourceTree = "<group>"; };
		287DC33D26D49CBE0025CDFD /* Assets.xcassets */ = {isa = PBXFileReference; lastKnownFileType = folder.assetcatalog; path = Assets.xcassets; sourceTree = "<group>"; };
		287DC34026D49CBE0025CDFD /* Preview Assets.xcassets */ = {isa = PBXFileReference; lastKnownFileType = folder.assetcatalog; path = "Preview Assets.xcassets"; sourceTree = "<group>"; };
		287DC34226D49CBE0025CDFD /* Info.plist */ = {isa = PBXFileReference; lastKnownFileType = text.plist.xml; path = Info.plist; sourceTree = "<group>"; };
		288059FC2709478E00715351 /* GamesView.swift */ = {isa = PBXFileReference; lastKnownFileType = sourcecode.swift; path = GamesView.swift; sourceTree = "<group>"; };
		28805A00270948EA00715351 /* Model.swift */ = {isa = PBXFileReference; lastKnownFileType = sourcecode.swift; path = Model.swift; sourceTree = "<group>"; };
		28805A032709490C00715351 /* ViewModel.swift */ = {isa = PBXFileReference; lastKnownFileType = sourcecode.swift; path = ViewModel.swift; sourceTree = "<group>"; };
		28B13F0A26EEAE3A0000BA58 /* Home.swift */ = {isa = PBXFileReference; lastKnownFileType = sourcecode.swift; path = Home.swift; sourceTree = "<group>"; };
		28D206E2270D44D200C65696 /* SearchGame.swift */ = {isa = PBXFileReference; lastKnownFileType = sourcecode.swift; path = SearchGame.swift; sourceTree = "<group>"; };
		28D206E4270D52B700C65696 /* FavoritesView.swift */ = {isa = PBXFileReference; lastKnownFileType = sourcecode.swift; path = FavoritesView.swift; sourceTree = "<group>"; };
		28D206E8270D562400C65696 /* SaveData.swift */ = {isa = PBXFileReference; lastKnownFileType = sourcecode.swift; path = SaveData.swift; sourceTree = "<group>"; };
		28D206EA270D569200C65696 /* ProfileView.swift */ = {isa = PBXFileReference; lastKnownFileType = sourcecode.swift; path = ProfileView.swift; sourceTree = "<group>"; };
		28D206EC270D56FA00C65696 /* EditProfileView.swift */ = {isa = PBXFileReference; lastKnownFileType = sourcecode.swift; path = EditProfileView.swift; sourceTree = "<group>"; };
		28D206EE270D5B5300C65696 /* SUImagePickerView.swift */ = {isa = PBXFileReference; lastKnownFileType = sourcecode.swift; path = SUImagePickerView.swift; sourceTree = "<group>"; };
/* End PBXFileReference section */

/* Begin PBXFrameworksBuildPhase section */
		287DC33326D49CBD0025CDFD /* Frameworks */ = {
			isa = PBXFrameworksBuildPhase;
			buildActionMask = 2147483647;
			files = (
				2879782A270A6979008CF475 /* Kingfisher in Frameworks */,
			);
			runOnlyForDeploymentPostprocessing = 0;
		};
/* End PBXFrameworksBuildPhase section */

/* Begin PBXGroup section */
		287DC32D26D49CBD0025CDFD = {
			isa = PBXGroup;
			children = (
				287DC33826D49CBD0025CDFD /* RokGamerPro */,
				287DC33726D49CBD0025CDFD /* Products */,
			);
			sourceTree = "<group>";
		};
		287DC33726D49CBD0025CDFD /* Products */ = {
			isa = PBXGroup;
			children = (
				287DC33626D49CBD0025CDFD /* RokGamerPro.app */,
			);
			name = Products;
			sourceTree = "<group>";
		};
		287DC33826D49CBD0025CDFD /* RokGamerPro */ = {
			isa = PBXGroup;
			children = (
				288059FF270948D100715351 /* ModelViews */,
				288059FE270948B100715351 /* Models */,
				28B13F0926EEAE100000BA58 /* View */,
				287DC33926D49CBD0025CDFD /* RokGamerProApp.swift */,
				287DC33B26D49CBD0025CDFD /* ContentView.swift */,
				287DC33D26D49CBE0025CDFD /* Assets.xcassets */,
				287DC34226D49CBE0025CDFD /* Info.plist */,
				287DC33F26D49CBE0025CDFD /* Preview Content */,
			);
			path = RokGamerPro;
			sourceTree = "<group>";
		};
		287DC33F26D49CBE0025CDFD /* Preview Content */ = {
			isa = PBXGroup;
			children = (
				287DC34026D49CBE0025CDFD /* Preview Assets.xcassets */,
			);
			path = "Preview Content";
			sourceTree = "<group>";
		};
		288059FE270948B100715351 /* Models */ = {
			isa = PBXGroup;
			children = (
				28805A00270948EA00715351 /* Model.swift */,
			);
			path = Models;
			sourceTree = "<group>";
		};
		288059FF270948D100715351 /* ModelViews */ = {
			isa = PBXGroup;
			children = (
				28805A032709490C00715351 /* ViewModel.swift */,
				28D206E2270D44D200C65696 /* SearchGame.swift */,
				28D206E8270D562400C65696 /* SaveData.swift */,
				28D206EE270D5B5300C65696 /* SUImagePickerView.swift */,
			);
			path = ModelViews;
			sourceTree = "<group>";
		};
		28B13F0926EEAE100000BA58 /* View */ = {
			isa = PBXGroup;
			children = (
				28B13F0A26EEAE3A0000BA58 /* Home.swift */,
				288059FC2709478E00715351 /* GamesView.swift */,
				2879782B270A6F3F008CF475 /* GameView.swift */,
				28D206E4270D52B700C65696 /* FavoritesView.swift */,
				28D206EA270D569200C65696 /* ProfileView.swift */,
				28D206EC270D56FA00C65696 /* EditProfileView.swift */,
			);
			path = View;
			sourceTree = "<group>";
		};
/* End PBXGroup section */

/* Begin PBXNativeTarget section */
		287DC33526D49CBD0025CDFD /* RokGamerPro */ = {
			isa = PBXNativeTarget;
			buildConfigurationList = 287DC34526D49CBE0025CDFD /* Build configuration list for PBXNativeTarget "RokGamerPro" */;
			buildPhases = (
				287DC33226D49CBD0025CDFD /* Sources */,
				287DC33326D49CBD0025CDFD /* Frameworks */,
				287DC33426D49CBD0025CDFD /* Resources */,
			);
			buildRules = (
			);
			dependencies = (
			);
			name = RokGamerPro;
			packageProductDependencies = (
				28797829270A6979008CF475 /* Kingfisher */,
			);
			productName = RokGamerPro;
			productReference = 287DC33626D49CBD0025CDFD /* RokGamerPro.app */;
			productType = "com.apple.product-type.application";
		};
/* End PBXNativeTarget section */

/* Begin PBXProject section */
		287DC32E26D49CBD0025CDFD /* Project object */ = {
			isa = PBXProject;
			attributes = {
				LastSwiftUpdateCheck = 1250;
				LastUpgradeCheck = 1250;
				TargetAttributes = {
					287DC33526D49CBD0025CDFD = {
						CreatedOnToolsVersion = 12.5.1;
					};
				};
			};
			buildConfigurationList = 287DC33126D49CBD0025CDFD /* Build configuration list for PBXProject "RokGamerPro" */;
			compatibilityVersion = "Xcode 9.3";
			developmentRegion = en;
			hasScannedForEncodings = 0;
			knownRegions = (
				en,
				Base,
			);
			mainGroup = 287DC32D26D49CBD0025CDFD;
			packageReferences = (
				28797828270A6979008CF475 /* XCRemoteSwiftPackageReference "Kingfisher" */,
			);
			productRefGroup = 287DC33726D49CBD0025CDFD /* Products */;
			projectDirPath = "";
			projectRoot = "";
			targets = (
				287DC33526D49CBD0025CDFD /* RokGamerPro */,
			);
		};
/* End PBXProject section */

/* Begin PBXResourcesBuildPhase section */
		287DC33426D49CBD0025CDFD /* Resources */ = {
			isa = PBXResourcesBuildPhase;
			buildActionMask = 2147483647;
			files = (
				287DC34126D49CBE0025CDFD /* Preview Assets.xcassets in Resources */,
				287DC33E26D49CBE0025CDFD /* Assets.xcassets in Resources */,
			);
			runOnlyForDeploymentPostprocessing = 0;
		};
/* End PBXResourcesBuildPhase section */

/* Begin PBXSourcesBuildPhase section */
		287DC33226D49CBD0025CDFD /* Sources */ = {
			isa = PBXSourcesBuildPhase;
			buildActionMask = 2147483647;
			files = (
				28805A01270948EA00715351 /* Model.swift in Sources */,
				287DC33C26D49CBD0025CDFD /* ContentView.swift in Sources */,
				28B13F0B26EEAE3A0000BA58 /* Home.swift in Sources */,
				28D206E3270D44D200C65696 /* SearchGame.swift in Sources */,
				28D206E9270D562400C65696 /* SaveData.swift in Sources */,
				28D206EF270D5B5300C65696 /* SUImagePickerView.swift in Sources */,
				288059FD2709478E00715351 /* GamesView.swift in Sources */,
				28D206ED270D56FA00C65696 /* EditProfileView.swift in Sources */,
				28805A042709490C00715351 /* ViewModel.swift in Sources */,
				287DC33A26D49CBD0025CDFD /* RokGamerProApp.swift in Sources */,
				2879782C270A6F3F008CF475 /* GameView.swift in Sources */,
				28D206EB270D569200C65696 /* ProfileView.swift in Sources */,
				28D206E5270D52B700C65696 /* FavoritesView.swift in Sources */,
			);
			runOnlyForDeploymentPostprocessing = 0;
		};
/* End PBXSourcesBuildPhase section */

/* Begin XCBuildConfiguration section */
		287DC34326D49CBE0025CDFD /* Debug */ = {
			isa = XCBuildConfiguration;
			buildSettings = {
				ALWAYS_SEARCH_USER_PATHS = NO;
				CLANG_ANALYZER_NONNULL = YES;
				CLANG_ANALYZER_NUMBER_OBJECT_CONVERSION = YES_AGGRESSIVE;
				CLANG_CXX_LANGUAGE_STANDARD = "gnu++14";
				CLANG_CXX_LIBRARY = "libc++";
				CLANG_ENABLE_MODULES = YES;
				CLANG_ENABLE_OBJC_ARC = YES;
				CLANG_ENABLE_OBJC_WEAK = YES;
				CLANG_WARN_BLOCK_CAPTURE_AUTORELEASING = YES;
				CLANG_WARN_BOOL_CONVERSION = YES;
				CLANG_WARN_COMMA = YES;
				CLANG_WARN_CONSTANT_CONVERSION = YES;
				CLANG_WARN_DEPRECATED_OBJC_IMPLEMENTATIONS = YES;
				CLANG_WARN_DIRECT_OBJC_ISA_USAGE = YES_ERROR;
				CLANG_WARN_DOCUMENTATION_COMMENTS = YES;
				CLANG_WARN_EMPTY_BODY = YES;
				CLANG_WARN_ENUM_CONVERSION = YES;
				CLANG_WARN_INFINITE_RECURSION = YES;
				CLANG_WARN_INT_CONVERSION = YES;
				CLANG_WARN_NON_LITERAL_NULL_CONVERSION = YES;
				CLANG_WARN_OBJC_IMPLICIT_RETAIN_SELF = YES;
				CLANG_WARN_OBJC_LITERAL_CONVERSION = YES;
				CLANG_WARN_OBJC_ROOT_CLASS = YES_ERROR;
				CLANG_WARN_QUOTED_INCLUDE_IN_FRAMEWORK_HEADER = YES;
				CLANG_WARN_RANGE_LOOP_ANALYSIS = YES;
				CLANG_WARN_STRICT_PROTOTYPES = YES;
				CLANG_WARN_SUSPICIOUS_MOVE = YES;
				CLANG_WARN_UNGUARDED_AVAILABILITY = YES_AGGRESSIVE;
				CLANG_WARN_UNREACHABLE_CODE = YES;
				CLANG_WARN__DUPLICATE_METHOD_MATCH = YES;
				COPY_PHASE_STRIP = NO;
				DEBUG_INFORMATION_FORMAT = dwarf;
				ENABLE_STRICT_OBJC_MSGSEND = YES;
				ENABLE_TESTABILITY = YES;
				GCC_C_LANGUAGE_STANDARD = gnu11;
				GCC_DYNAMIC_NO_PIC = NO;
				GCC_NO_COMMON_BLOCKS = YES;
				GCC_OPTIMIZATION_LEVEL = 0;
				GCC_PREPROCESSOR_DEFINITIONS = (
					"DEBUG=1",
					"$(inherited)",
				);
				GCC_WARN_64_TO_32_BIT_CONVERSION = YES;
				GCC_WARN_ABOUT_RETURN_TYPE = YES_ERROR;
				GCC_WARN_UNDECLARED_SELECTOR = YES;
				GCC_WARN_UNINITIALIZED_AUTOS = YES_AGGRESSIVE;
				GCC_WARN_UNUSED_FUNCTION = YES;
				GCC_WARN_UNUSED_VARIABLE = YES;
				IPHONEOS_DEPLOYMENT_TARGET = 14.5;
				MTL_ENABLE_DEBUG_INFO = INCLUDE_SOURCE;
				MTL_FAST_MATH = YES;
				ONLY_ACTIVE_ARCH = YES;
				SDKROOT = iphoneos;
				SWIFT_ACTIVE_COMPILATION_CONDITIONS = DEBUG;
				SWIFT_OPTIMIZATION_LEVEL = "-Onone";
			};
			name = Debug;
		};
		287DC34426D49CBE0025CDFD /* Release */ = {
			isa = XCBuildConfiguration;
			buildSettings = {
				ALWAYS_SEARCH_USER_PATHS = NO;
				CLANG_ANALYZER_NONNULL = YES;
				CLANG_ANALYZER_NUMBER_OBJECT_CONVERSION = YES_AGGRESSIVE;
				CLANG_CXX_LANGUAGE_STANDARD = "gnu++14";
				CLANG_CXX_LIBRARY = "libc++";
				CLANG_ENABLE_MODULES = YES;
				CLANG_ENABLE_OBJC_ARC = YES;
				CLANG_ENABLE_OBJC_WEAK = YES;
				CLANG_WARN_BLOCK_CAPTURE_AUTORELEASING = YES;
				CLANG_WARN_BOOL_CONVERSION = YES;
				CLANG_WARN_COMMA = YES;
				CLANG_WARN_CONSTANT_CONVERSION = YES;
				CLANG_WARN_DEPRECATED_OBJC_IMPLEMENTATIONS = YES;
				CLANG_WARN_DIRECT_OBJC_ISA_USAGE = YES_ERROR;
				CLANG_WARN_DOCUMENTATION_COMMENTS = YES;
				CLANG_WARN_EMPTY_BODY = YES;
				CLANG_WARN_ENUM_CONVERSION = YES;
				CLANG_WARN_INFINITE_RECURSION = YES;
				CLANG_WARN_INT_CONVERSION = YES;
				CLANG_WARN_NON_LITERAL_NULL_CONVERSION = YES;
				CLANG_WARN_OBJC_IMPLICIT_RETAIN_SELF = YES;
				CLANG_WARN_OBJC_LITERAL_CONVERSION = YES;
				CLANG_WARN_OBJC_ROOT_CLASS = YES_ERROR;
				CLANG_WARN_QUOTED_INCLUDE_IN_FRAMEWORK_HEADER = YES;
				CLANG_WARN_RANGE_LOOP_ANALYSIS = YES;
				CLANG_WARN_STRICT_PROTOTYPES = YES;
				CLANG_WARN_SUSPICIOUS_MOVE = YES;
				CLANG_WARN_UNGUARDED_AVAILABILITY = YES_AGGRESSIVE;
				CLANG_WARN_UNREACHABLE_CODE = YES;
				CLANG_WARN__DUPLICATE_METHOD_MATCH = YES;
				COPY_PHASE_STRIP = NO;
				DEBUG_INFORMATION_FORMAT = "dwarf-with-dsym";
				ENABLE_NS_ASSERTIONS = NO;
				ENABLE_STRICT_OBJC_MSGSEND = YES;
				GCC_C_LANGUAGE_STANDARD = gnu11;
				GCC_NO_COMMON_BLOCKS = YES;
				GCC_WARN_64_TO_32_BIT_CONVERSION = YES;
				GCC_WARN_ABOUT_RETURN_TYPE = YES_ERROR;
				GCC_WARN_UNDECLARED_SELECTOR = YES;
				GCC_WARN_UNINITIALIZED_AUTOS = YES_AGGRESSIVE;
				GCC_WARN_UNUSED_FUNCTION = YES;
				GCC_WARN_UNUSED_VARIABLE = YES;
				IPHONEOS_DEPLOYMENT_TARGET = 14.5;
				MTL_ENABLE_DEBUG_INFO = NO;
				MTL_FAST_MATH = YES;
				SDKROOT = iphoneos;
				SWIFT_COMPILATION_MODE = wholemodule;
				SWIFT_OPTIMIZATION_LEVEL = "-O";
				VALIDATE_PRODUCT = YES;
			};
			name = Release;
		};
		287DC34626D49CBE0025CDFD /* Debug */ = {
			isa = XCBuildConfiguration;
			buildSettings = {
				ASSETCATALOG_COMPILER_APPICON_NAME = AppIcon;
				ASSETCATALOG_COMPILER_GLOBAL_ACCENT_COLOR_NAME = AccentColor;
				CODE_SIGN_STYLE = Automatic;
				DEVELOPMENT_ASSET_PATHS = "\"RokGamerPro/Preview Content\"";
				DEVELOPMENT_TEAM = NN7H97YVZS;
				ENABLE_PREVIEWS = YES;
				INFOPLIST_FILE = RokGamerPro/Info.plist;
				IPHONEOS_DEPLOYMENT_TARGET = 14.0;
				LD_RUNPATH_SEARCH_PATHS = (
					"$(inherited)",
					"@executable_path/Frameworks",
				);
				PRODUCT_BUNDLE_IDENTIFIER = cl.redware.RokGamerPro;
				PRODUCT_NAME = "$(TARGET_NAME)";
				SWIFT_VERSION = 5.0;
				TARGETED_DEVICE_FAMILY = "1,2";
			};
			name = Debug;
		};
		287DC34726D49CBE0025CDFD /* Release */ = {
			isa = XCBuildConfiguration;
			buildSettings = {
				ASSETCATALOG_COMPILER_APPICON_NAME = AppIcon;
				ASSETCATALOG_COMPILER_GLOBAL_ACCENT_COLOR_NAME = AccentColor;
				CODE_SIGN_STYLE = Automatic;
				DEVELOPMENT_ASSET_PATHS = "\"RokGamerPro/Preview Content\"";
				DEVELOPMENT_TEAM = NN7H97YVZS;
				ENABLE_PREVIEWS = YES;
				INFOPLIST_FILE = RokGamerPro/Info.plist;
				IPHONEOS_DEPLOYMENT_TARGET = 14.0;
				LD_RUNPATH_SEARCH_PATHS = (
					"$(inherited)",
					"@executable_path/Frameworks",
				);
				PRODUCT_BUNDLE_IDENTIFIER = cl.redware.RokGamerPro;
				PRODUCT_NAME = "$(TARGET_NAME)";
				SWIFT_VERSION = 5.0;
				TARGETED_DEVICE_FAMILY = "1,2";
			};
			name = Release;
		};
/* End XCBuildConfiguration section */

/* Begin XCConfigurationList section */
		287DC33126D49CBD0025CDFD /* Build configuration list for PBXProject "RokGamerPro" */ = {
			isa = XCConfigurationList;
			buildConfigurations = (
				287DC34326D49CBE0025CDFD /* Debug */,
				287DC34426D49CBE0025CDFD /* Release */,
			);
			defaultConfigurationIsVisible = 0;
			defaultConfigurationName = Release;
		};
		287DC34526D49CBE0025CDFD /* Build configuration list for PBXNativeTarget "RokGamerPro" */ = {
			isa = XCConfigurationList;
			buildConfigurations = (
				287DC34626D49CBE0025CDFD /* Debug */,
				287DC34726D49CBE0025CDFD /* Release */,
			);
			defaultConfigurationIsVisible = 0;
			defaultConfigurationName = Release;
		};
/* End XCConfigurationList section */

/* Begin XCRemoteSwiftPackageReference section */
		28797828270A6979008CF475 /* XCRemoteSwiftPackageReference "Kingfisher" */ = {
			isa = XCRemoteSwiftPackageReference;
			repositoryURL = "https://github.com/onevcat/Kingfisher.git";
			requirement = {
				kind = upToNextMajorVersion;
				minimumVersion = 7.0.0;
			};
		};
/* End XCRemoteSwiftPackageReference section */

/* Begin XCSwiftPackageProductDependency section */
		28797829270A6979008CF475 /* Kingfisher */ = {
			isa = XCSwiftPackageProductDependency;
			package = 28797828270A6979008CF475 /* XCRemoteSwiftPackageReference "Kingfisher" */;
			productName = Kingfisher;
		};
/* End XCSwiftPackageProductDependency section */
	};
	rootObject = 287DC32E26D49CBD0025CDFD /* Project object */;
}
